
Microsoft Visual Studio Solution File, Format Version 12.00
# Visual Studio 15
VisualStudioVersion = 15.0.28307.539
MinimumVisualStudioVersion = 10.0.40219.1
Project("{FAE04EC0-301F-11D3-BF4B-00C04F79EFBC}") = "MEXFunctionTemplate_CPP_Matrix", "MEXFunctionTemplate\MEXFunctionTemplate_CPP_Matrix.csproj", "{5EC44FCA-E747-4BA4-B2C9-49AAFE365C5A}"
EndProject
Project("{FAE04EC0-301F-11D3-BF4B-00C04F79EFBC}") = "MEXFunctionWizard", "MEXFunctionWizard\MEXFunctionWizard.csproj", "{1850A7FD-4688-4CE3-8692-AA0D78CA5BA1}"
EndProject
Project("{FAE04EC0-301F-11D3-BF4B-00C04F79EFBC}") = "MatlabRootInputForm", "MatlabRootInputForm\MatlabRootInputForm.csproj", "{DDC739A2-457B-4588-8998-BC13945E7552}"
EndProject
Global
	GlobalSection(SolutionConfigurationPlatforms) = preSolution
		Debug|Any CPU = Debug|Any CPU
		Release|Any CPU = Release|Any CPU
	EndGlobalSection
	GlobalSection(ProjectConfigurationPlatforms) = postSolution
		{5EC44FCA-E747-4BA4-B2C9-49AAFE365C5A}.Debug|Any CPU.ActiveCfg = Debug|Any CPU
		{5EC44FCA-E747-4BA4-B2C9-49AAFE365C5A}.Debug|Any CPU.Build.0 = Debug|Any CPU
		{5EC44FCA-E747-4BA4-B2C9-49AAFE365C5A}.Release|Any CPU.ActiveCfg = Release|Any CPU
		{5EC44FCA-E747-4BA4-B2C9-49AAFE365C5A}.Release|Any CPU.Build.0 = Release|Any CPU
		{1850A7FD-4688-4CE3-8692-AA0D78CA5BA1}.Debug|Any CPU.ActiveCfg = Debug|Any CPU
		{1850A7FD-4688-4CE3-8692-AA0D78CA5BA1}.Debug|Any CPU.Build.0 = Debug|Any CPU
		{1850A7FD-4688-4CE3-8692-AA0D78CA5BA1}.Release|Any CPU.ActiveCfg = Release|Any CPU
		{1850A7FD-4688-4CE3-8692-AA0D78CA5BA1}.Release|Any CPU.Build.0 = Release|Any CPU
		{DDC739A2-457B-4588-8998-BC13945E7552}.Debug|Any CPU.ActiveCfg = Debug|Any CPU
		{DDC739A2-457B-4588-8998-BC13945E7552}.Debug|Any CPU.Build.0 = Debug|Any CPU
		{DDC739A2-457B-4588-8998-BC13945E7552}.Release|Any CPU.ActiveCfg = Release|Any CPU
		{DDC739A2-457B-4588-8998-BC13945E7552}.Release|Any CPU.Build.0 = Release|Any CPU
	EndGlobalSection
	GlobalSection(SolutionProperties) = preSolution
		HideSolutionNode = FALSE
	EndGlobalSection
	GlobalSection(ExtensibilityGlobals) = postSolution
		SolutionGuid = {45179D82-6D41-4D6E-A5F8-9C87B96FE2EA}
	EndGlobalSection
EndGlobal
